# This file is autogenerated, do not edit; changes may be undone by the next 'dep ensure'.


[[projects]]
  branch = "master"
  digest = "1:4618e6bed8a3ae6a53171c6d719e7302bb7792a75eb01e785d6b345f7380abab"
  name = "ghe.corp.yahoo.co.jp/yusukato/gocred"
  packages = [
    ".",
    "cookie",
    "verifier",
  ]
  pruneopts = "UT"
  revision = "1f297e7361422559e40861408069be3d86601554"

[[projects]]
  digest = "1:76dc72490af7174349349838f2fe118996381b31ea83243812a97e5a0fd5ed55"
  name = "github.com/dgrijalva/jwt-go"
  packages = ["."]
  pruneopts = "UT"
  revision = "06ea1031745cb8b3dab3f6a236daf2b0aa468b7e"
  version = "v3.2.0"

[[projects]]
  digest = "1:0183b82d6da0c674f4499f837d510c3384737188e1b12fb594661e11e8d6c311"
  name = "github.com/kpango/glg"
  packages = ["."]
  pruneopts = "UT"
  revision = "cb0c8857f1215695015b871c1a877874f81878b0"
  version = "v1.2.1"

[[projects]]
  digest = "1:40e195917a951a8bf867cd05de2a46aaf1806c50cf92eebf4c16f78cd196f747"
  name = "github.com/pkg/errors"
  packages = ["."]
  pruneopts = "UT"
  revision = "645ef00459ed84a119197bfb8d8205042c6df63d"
  version = "v0.8.0"

[[projects]]
  digest = "1:1937b1079c481dbf363d5704d0b610c6578a0fefd425f62b7b8cbbf86a204181"
  name = "github.com/yahoo/athenz"
  packages = ["libs/go/zmssvctoken"]
  pruneopts = "UT"
  revision = "7f2611663ab616bfd58e0dcc625d56521bf8b264"
  version = "v1.7.54"

[[projects]]
  branch = "master"
  digest = "1:76ee51c3f468493aff39dbacc401e8831fbb765104cbf613b89bef01cf4bad70"
  name = "golang.org/x/net"
  packages = ["context"]
  pruneopts = "UT"
  revision = "8a410e7b638dca158bf9e766925842f6651ff828"

[[projects]]
  branch = "master"
  digest = "1:39ebcc2b11457b703ae9ee2e8cca0f68df21969c6102cb3b705f76cca0ea0239"
  name = "golang.org/x/sync"
  packages = ["errgroup"]
  pruneopts = "UT"
  revision = "1d60e4601c6fd243af51cc01ddf169918a5407ca"

[[projects]]
  digest = "1:342378ac4dcb378a5448dd723f0784ae519383532f5e70ade24132c4c8693202"
  name = "gopkg.in/yaml.v2"
  packages = ["."]
  pruneopts = "UT"
  revision = "5420a8b6744d3b0345ab293f6fcba19c978f1183"
  version = "v2.2.1"

[solve-meta]
  analyzer-name = "dep"
  analyzer-version = 1
  input-imports = [
    "ghe.corp.yahoo.co.jp/yusukato/gocred",
    "github.com/kpango/glg",
    "github.com/pkg/errors",
    "github.com/yahoo/athenz/libs/go/zmssvctoken",
    "golang.org/x/sync/errgroup",
    "gopkg.in/yaml.v2",
  ]
  solver-name = "gps-cdcl"
  solver-version = 1
