# This file is autogenerated, do not edit; changes may be undone by the next 'dep ensure'.


[[projects]]
  branch = "master"
  digest = "1:4618e6bed8a3ae6a53171c6d719e7302bb7792a75eb01e785d6b345f7380abab"
  name = "ghe.corp.yahoo.co.jp/yusukato/gocred"
  packages = [
    ".",
    "cookie",
    "verifier",
  ]
  pruneopts = "UT"
  revision = "1f297e7361422559e40861408069be3d86601554"

[[projects]]
  digest = "1:4c69f3f6b7b2f6481f858db3cb7a84c7a5958287be33ec05ce4814ea49ef555d"
  name = "github.com/cespare/xxhash"
  packages = ["."]
  pruneopts = "UT"
  revision = "569f7c8abf1f58d9043ab804d364483cb1c853b6"
  version = "v1.1.0"

[[projects]]
  digest = "1:76dc72490af7174349349838f2fe118996381b31ea83243812a97e5a0fd5ed55"
  name = "github.com/dgrijalva/jwt-go"
  packages = ["."]
  pruneopts = "UT"
  revision = "06ea1031745cb8b3dab3f6a236daf2b0aa468b7e"
  version = "v3.2.0"

[[projects]]
  branch = "master"
  digest = "1:1d8bdf0fd7254230685c4689a2324a22a703d39043ce336d3fca02f3abaff238"
  name = "github.com/kpango/fastime"
  packages = ["."]
  pruneopts = "UT"
  revision = "82016693c65e776e8c440ebbf8fe615bfc978dbc"

[[projects]]
  branch = "shards"
  digest = "1:cfc93e091aae37c5504d29018f32327aac3269715ea59b4873c16c8db9cd13d7"
  name = "github.com/kpango/gache"
  packages = ["."]
  pruneopts = "UT"
  revision = "0703a4f670a0b48f0282bc415e4c2d413d772375"

[[projects]]
  digest = "1:0183b82d6da0c674f4499f837d510c3384737188e1b12fb594661e11e8d6c311"
  name = "github.com/kpango/glg"
  packages = ["."]
  pruneopts = "UT"
  revision = "cb0c8857f1215695015b871c1a877874f81878b0"
  version = "v1.2.1"

[[projects]]
  digest = "1:40e195917a951a8bf867cd05de2a46aaf1806c50cf92eebf4c16f78cd196f747"
  name = "github.com/pkg/errors"
  packages = ["."]
  pruneopts = "UT"
  revision = "645ef00459ed84a119197bfb8d8205042c6df63d"
  version = "v0.8.0"

[[projects]]
  digest = "1:b365c6e729151e9ad0c1205709b2bb40f192d1cbc247a52cfac77472e12f5162"
  name = "github.com/yahoo/athenz"
  packages = ["libs/go/zmssvctoken"]
  pruneopts = "UT"
  revision = "b08b2bb43b0e33df2d3a12e549a37d939fd170a7"
  version = "v1.7.55"

[[projects]]
  branch = "master"
  digest = "1:76ee51c3f468493aff39dbacc401e8831fbb765104cbf613b89bef01cf4bad70"
  name = "golang.org/x/net"
  packages = ["context"]
  pruneopts = "UT"
  revision = "26e67e76b6c3f6ce91f7c52def5af501b4e0f3a2"

[[projects]]
  branch = "master"
  digest = "1:33bc276bce48c71255132cca14981fa8ced4844f35ec0399b0390c591c178a0a"
  name = "golang.org/x/sync"
  packages = [
    "errgroup",
    "singleflight",
  ]
  pruneopts = "UT"
  revision = "1d60e4601c6fd243af51cc01ddf169918a5407ca"

[[projects]]
  digest = "1:342378ac4dcb378a5448dd723f0784ae519383532f5e70ade24132c4c8693202"
  name = "gopkg.in/yaml.v2"
  packages = ["."]
  pruneopts = "UT"
  revision = "5420a8b6744d3b0345ab293f6fcba19c978f1183"
  version = "v2.2.1"

[solve-meta]
  analyzer-name = "dep"
  analyzer-version = 1
  input-imports = [
    "ghe.corp.yahoo.co.jp/yusukato/gocred",
    "github.com/kpango/fastime",
    "github.com/kpango/gache",
    "github.com/kpango/glg",
    "github.com/pkg/errors",
    "github.com/yahoo/athenz/libs/go/zmssvctoken",
    "golang.org/x/sync/errgroup",
    "golang.org/x/sync/singleflight",
    "gopkg.in/yaml.v2",
  ]
  solver-name = "gps-cdcl"
  solver-version = 1
